
Microsoft Visual Studio Solution File, Format Version 12.00
Project("{FAE04EC0-301F-11D3-BF4B-00C04F79EFBC}") = "LogAnalysis", "LogAnalysis\LogAnalysis.csproj", "{B0B1BC52-E5A1-41A1-BAC4-3B8B2231C871}"
EndProject
Project("{FAE04EC0-301F-11D3-BF4B-00C04F79EFBC}") = "LogEmitter", "LogEmitter\LogEmitter.csproj", "{DE5851E1-4FD8-45F4-A627-5D8CB2908010}"
EndProject
Project("{FAE04EC0-301F-11D3-BF4B-00C04F79EFBC}") = "FileDump", "FileDump\FileDump.csproj", "{1A89E90C-BCFC-4391-A431-5759018ECC6B}"
EndProject
Global
	GlobalSection(SolutionConfigurationPlatforms) = preSolution
		Debug|Any CPU = Debug|Any CPU
		Release|Any CPU = Release|Any CPU
	EndGlobalSection
	GlobalSection(ProjectConfigurationPlatforms) = postSolution
		{B0B1BC52-E5A1-41A1-BAC4-3B8B2231C871}.Debug|Any CPU.ActiveCfg = Debug|Any CPU
		{B0B1BC52-E5A1-41A1-BAC4-3B8B2231C871}.Debug|Any CPU.Build.0 = Debug|Any CPU
		{B0B1BC52-E5A1-41A1-BAC4-3B8B2231C871}.Release|Any CPU.ActiveCfg = Release|Any CPU
		{B0B1BC52-E5A1-41A1-BAC4-3B8B2231C871}.Release|Any CPU.Build.0 = Release|Any CPU
		{DE5851E1-4FD8-45F4-A627-5D8CB2908010}.Debug|Any CPU.ActiveCfg = Debug|Any CPU
		{DE5851E1-4FD8-45F4-A627-5D8CB2908010}.Debug|Any CPU.Build.0 = Debug|Any CPU
		{DE5851E1-4FD8-45F4-A627-5D8CB2908010}.Release|Any CPU.ActiveCfg = Release|Any CPU
		{DE5851E1-4FD8-45F4-A627-5D8CB2908010}.Release|Any CPU.Build.0 = Release|Any CPU
		{1A89E90C-BCFC-4391-A431-5759018ECC6B}.Debug|Any CPU.ActiveCfg = Debug|Any CPU
		{1A89E90C-BCFC-4391-A431-5759018ECC6B}.Debug|Any CPU.Build.0 = Debug|Any CPU
		{1A89E90C-BCFC-4391-A431-5759018ECC6B}.Release|Any CPU.ActiveCfg = Release|Any CPU
		{1A89E90C-BCFC-4391-A431-5759018ECC6B}.Release|Any CPU.Build.0 = Release|Any CPU
	EndGlobalSection
EndGlobal
